
Microsoft Visual Studio Solution File, Format Version 12.00
# Visual Studio Version 16
VisualStudioVersion = 16.0.32002.261
MinimumVisualStudioVersion = 10.0.40219.1
Project("{FAE04EC0-301F-11D3-BF4B-00C04F79EFBC}") = "CNPMNC_TH_LAB5", "CNPMNC_TH_LAB5\CNPMNC_TH_LAB5.csproj", "{2426EB2A-E234-4B09-ACD7-0A8317E4C1F6}"
EndProject
Global
	GlobalSection(SolutionConfigurationPlatforms) = preSolution
		Debug|Any CPU = Debug|Any CPU
		Release|Any CPU = Release|Any CPU
	EndGlobalSection
	GlobalSection(ProjectConfigurationPlatforms) = postSolution
		{2426EB2A-E234-4B09-ACD7-0A8317E4C1F6}.Debug|Any CPU.ActiveCfg = Debug|Any CPU
		{2426EB2A-E234-4B09-ACD7-0A8317E4C1F6}.Debug|Any CPU.Build.0 = Debug|Any CPU
		{2426EB2A-E234-4B09-ACD7-0A8317E4C1F6}.Release|Any CPU.ActiveCfg = Release|Any CPU
		{2426EB2A-E234-4B09-ACD7-0A8317E4C1F6}.Release|Any CPU.Build.0 = Release|Any CPU
	EndGlobalSection
	GlobalSection(SolutionProperties) = preSolution
		HideSolutionNode = FALSE
	EndGlobalSection
	GlobalSection(ExtensibilityGlobals) = postSolution
		SolutionGuid = {38A81371-BFF2-4F01-95E1-1CC915655C53}
	EndGlobalSection
EndGlobal
